// !$*UTF8*$!
{
	archiveVersion = 1;
	classes = {
	};
	objectVersion = 46;
	objects = {

/* Begin PBXBuildFile section */
		A00704A91816BAE500FB2D7E /* MenuController.cpp in Sources */ = {isa = PBXBuildFile; fileRef = A00704A81816BAE500FB2D7E /* MenuController.cpp */; };
		A00704AC1816D81E00FB2D7E /* FriendSmashController.cpp in Sources */ = {isa = PBXBuildFile; fileRef = A00704AA1816D81E00FB2D7E /* FriendSmashController.cpp */; };
		A009E49415B578A8000604D1 /* UIKit.framework in Frameworks */ = {isa = PBXBuildFile; fileRef = A009E49315B578A8000604D1 /* UIKit.framework */; };
		A009E49615B578A8000604D1 /* Foundation.framework in Frameworks */ = {isa = PBXBuildFile; fileRef = A009E49515B578A8000604D1 /* Foundation.framework */; };
		A009E49815B578A8000604D1 /* CoreGraphics.framework in Frameworks */ = {isa = PBXBuildFile; fileRef = A009E49715B578A8000604D1 /* CoreGraphics.framework */; };
		A009E49A15B578A8000604D1 /* GLKit.framework in Frameworks */ = {isa = PBXBuildFile; fileRef = A009E49915B578A8000604D1 /* GLKit.framework */; };
		A009E49C15B578A8000604D1 /* OpenGLES.framework in Frameworks */ = {isa = PBXBuildFile; fileRef = A009E49B15B578A8000604D1 /* OpenGLES.framework */; };
		A009E4A215B578A8000604D1 /* InfoPlist.strings in Resources */ = {isa = PBXBuildFile; fileRef = A009E4A015B578A8000604D1 /* InfoPlist.strings */; };
		A009E4A415B578A8000604D1 /* main.m in Sources */ = {isa = PBXBuildFile; fileRef = A009E4A315B578A8000604D1 /* main.m */; };
		A009E4A815B578A8000604D1 /* AppDelegate.mm in Sources */ = {isa = PBXBuildFile; fileRef = A009E4A715B578A8000604D1 /* AppDelegate.mm */; };
		A009E4AB15B578A8000604D1 /* MainStoryboard.storyboard in Resources */ = {isa = PBXBuildFile; fileRef = A009E4A915B578A8000604D1 /* MainStoryboard.storyboard */; };
		A009E4B215B578A8000604D1 /* ViewController.mm in Sources */ = {isa = PBXBuildFile; fileRef = A009E4B115B578A8000604D1 /* ViewController.mm */; };
		A009E50115B579A4000604D1 /* File.cpp in Sources */ = {isa = PBXBuildFile; fileRef = A009E4BB15B579A4000604D1 /* File.cpp */; };
		A009E50215B579A4000604D1 /* File_iPhoneCore.mm in Sources */ = {isa = PBXBuildFile; fileRef = A009E4BE15B579A4000604D1 /* File_iPhoneCore.mm */; };
		A009E50515B579A4000604D1 /* GenericShaders.cpp in Sources */ = {isa = PBXBuildFile; fileRef = A009E4C515B579A4000604D1 /* GenericShaders.cpp */; };
		A009E50615B579A4000604D1 /* Graphics.cpp in Sources */ = {isa = PBXBuildFile; fileRef = A009E4C715B579A4000604D1 /* Graphics.cpp */; };
		A009E50815B579A4000604D1 /* ShaderProgram.mm in Sources */ = {isa = PBXBuildFile; fileRef = A009E4CD15B579A4000604D1 /* ShaderProgram.mm */; };
		A009E50915B579A4000604D1 /* Sprite.cpp in Sources */ = {isa = PBXBuildFile; fileRef = A009E4CE15B579A4000604D1 /* Sprite.cpp */; };
		A009E50A15B579A4000604D1 /* SpriteManager.cpp in Sources */ = {isa = PBXBuildFile; fileRef = A009E4D015B579A4000604D1 /* SpriteManager.cpp */; };
		A009E50B15B579A4000604D1 /* TextureResource.cpp in Sources */ = {isa = PBXBuildFile; fileRef = A009E4D215B579A4000604D1 /* TextureResource.cpp */; };
		A009E50C15B579A4000604D1 /* debug.cpp in Sources */ = {isa = PBXBuildFile; fileRef = A009E4D615B579A4000604D1 /* debug.cpp */; };
		A009E51115B579A4000604D1 /* mtx33.cpp in Sources */ = {isa = PBXBuildFile; fileRef = A009E4EA15B579A4000604D1 /* mtx33.cpp */; };
		A009E51215B579A4000604D1 /* mtx44.cpp in Sources */ = {isa = PBXBuildFile; fileRef = A009E4ED15B579A4000604D1 /* mtx44.cpp */; };
		A009E51415B579A4000604D1 /* vec2.cpp in Sources */ = {isa = PBXBuildFile; fileRef = A009E4F215B579A4000604D1 /* vec2.cpp */; };
		A009E51515B579A4000604D1 /* vec3.cpp in Sources */ = {isa = PBXBuildFile; fileRef = A009E4F515B579A4000604D1 /* vec3.cpp */; };
		A009E51615B579A4000604D1 /* vec4.cpp in Sources */ = {isa = PBXBuildFile; fileRef = A009E4F815B579A4000604D1 /* vec4.cpp */; };
		A0260A1215C1921800EA753F /* GameController.cpp in Sources */ = {isa = PBXBuildFile; fileRef = A0260A1115C1921800EA753F /* GameController.cpp */; };
		A03DE24F160E55AE003CF127 /* Accounts.framework in Frameworks */ = {isa = PBXBuildFile; fileRef = A03DE24E160E55AE003CF127 /* Accounts.framework */; settings = {ATTRIBUTES = (Required, ); }; };
		A03DE251160E55B6003CF127 /* Social.framework in Frameworks */ = {isa = PBXBuildFile; fileRef = A03DE250160E55B6003CF127 /* Social.framework */; settings = {ATTRIBUTES = (Required, ); }; };
		A04692BC190977C600A4D096 /* alert_bg.png in Resources */ = {isa = PBXBuildFile; fileRef = A04692BB190977C600A4D096 /* alert_bg.png */; };
		A04692BF1909902700A4D096 /* no_button.png in Resources */ = {isa = PBXBuildFile; fileRef = A04692BD1909902700A4D096 /* no_button.png */; };
		A04692C01909902700A4D096 /* yes_button.png in Resources */ = {isa = PBXBuildFile; fileRef = A04692BE1909902700A4D096 /* yes_button.png */; };
		A04692C3190A98A600A4D096 /* checkbox_cold.png in Resources */ = {isa = PBXBuildFile; fileRef = A04692C1190A98A600A4D096 /* checkbox_cold.png */; };
		A04692C4190A98A600A4D096 /* checkbox_hot.png in Resources */ = {isa = PBXBuildFile; fileRef = A04692C2190A98A600A4D096 /* checkbox_hot.png */; };
		A04692C7190A98CC00A4D096 /* MultiFriendSelector.cpp in Sources */ = {isa = PBXBuildFile; fileRef = A04692C5190A98CC00A4D096 /* MultiFriendSelector.cpp */; };
		A059D25615F68FEF00D0F094 /* frontscreen_background.png in Resources */ = {isa = PBXBuildFile; fileRef = A059D25515F68FEF00D0F094 /* frontscreen_background.png */; };
		A05CC36E16031808007FE563 /* logout_button.png in Resources */ = {isa = PBXBuildFile; fileRef = A05CC36D16031808007FE563 /* logout_button.png */; };
		A06CD99218101765004DF823 /* Default.png in Resources */ = {isa = PBXBuildFile; fileRef = A06CD99018101765004DF823 /* Default.png */; };
		A06CD99318101765004DF823 /* Default-568h@2x.png in Resources */ = {isa = PBXBuildFile; fileRef = A06CD99118101765004DF823 /* Default-568h@2x.png */; };
		A06CD995181017B5004DF823 /* Default~iphone.png in Resources */ = {isa = PBXBuildFile; fileRef = A06CD994181017B5004DF823 /* Default~iphone.png */; };
		A06CD9A118107564004DF823 /* AudioToolbox.framework in Frameworks */ = {isa = PBXBuildFile; fileRef = A06CD9A018107564004DF823 /* AudioToolbox.framework */; };
		A06CD9A31810757C004DF823 /* StoreKit.framework in Frameworks */ = {isa = PBXBuildFile; fileRef = A06CD9A21810757C004DF823 /* StoreKit.framework */; };
		A06CD9A518107599004DF823 /* CFNetwork.framework in Frameworks */ = {isa = PBXBuildFile; fileRef = A06CD9A418107599004DF823 /* CFNetwork.framework */; };
		A06CD9A7181075B1004DF823 /* CoreLocation.framework in Frameworks */ = {isa = PBXBuildFile; fileRef = A06CD9A6181075B1004DF823 /* CoreLocation.framework */; };
		A06CD9A9181075EE004DF823 /* QuartzCore.framework in Frameworks */ = {isa = PBXBuildFile; fileRef = A06CD9A8181075EE004DF823 /* QuartzCore.framework */; };
		A06CD9AB1810762B004DF823 /* SystemConfiguration.framework in Frameworks */ = {isa = PBXBuildFile; fileRef = A06CD9AA1810762B004DF823 /* SystemConfiguration.framework */; };
		A06CD9AF181076EC004DF823 /* libz.1.1.3.dylib in Frameworks */ = {isa = PBXBuildFile; fileRef = A06CD9AE181076EC004DF823 /* libz.1.1.3.dylib */; };
		A06CD9B218107AB3004DF823 /* MobileCoreServices.framework in Frameworks */ = {isa = PBXBuildFile; fileRef = A06CD9AC1810765C004DF823 /* MobileCoreServices.framework */; };
		A06CD9B81810A022004DF823 /* bomb_red.tga in Resources */ = {isa = PBXBuildFile; fileRef = A06CD9B51810A022004DF823 /* bomb_red.tga */; };
		A06CD9B91810A022004DF823 /* coin_red.tga in Resources */ = {isa = PBXBuildFile; fileRef = A06CD9B61810A022004DF823 /* coin_red.tga */; };
		A06CD9BA1810A022004DF823 /* profile_holder.png in Resources */ = {isa = PBXBuildFile; fileRef = A06CD9B71810A022004DF823 /* profile_holder.png */; };
		A070786E15B88B2500EE7002 /* ImageFetcher.m in Sources */ = {isa = PBXBuildFile; fileRef = A070786D15B88B2500EE7002 /* ImageFetcher.m */; };
		A070787F15B8D8E500EE7002 /* random.cpp in Sources */ = {isa = PBXBuildFile; fileRef = A070787D15B8D8E500EE7002 /* random.cpp */; };
		A070788A15B8E4F200EE7002 /* nonfriend_1.png in Resources */ = {isa = PBXBuildFile; fileRef = A070788015B8E4F100EE7002 /* nonfriend_1.png */; };
		A070788B15B8E4F200EE7002 /* nonfriend_2.png in Resources */ = {isa = PBXBuildFile; fileRef = A070788115B8E4F100EE7002 /* nonfriend_2.png */; };
		A070788C15B8E4F200EE7002 /* nonfriend_3.png in Resources */ = {isa = PBXBuildFile; fileRef = A070788215B8E4F100EE7002 /* nonfriend_3.png */; };
		A070788D15B8E4F200EE7002 /* nonfriend_4.png in Resources */ = {isa = PBXBuildFile; fileRef = A070788315B8E4F200EE7002 /* nonfriend_4.png */; };
		A070788E15B8E4F200EE7002 /* nonfriend_5.png in Resources */ = {isa = PBXBuildFile; fileRef = A070788415B8E4F200EE7002 /* nonfriend_5.png */; };
		A070788F15B8E4F200EE7002 /* nonfriend_6.png in Resources */ = {isa = PBXBuildFile; fileRef = A070788515B8E4F200EE7002 /* nonfriend_6.png */; };
		A070789015B8E4F200EE7002 /* nonfriend_7.png in Resources */ = {isa = PBXBuildFile; fileRef = A070788615B8E4F200EE7002 /* nonfriend_7.png */; };
		A070789115B8E4F200EE7002 /* nonfriend_8.png in Resources */ = {isa = PBXBuildFile; fileRef = A070788715B8E4F200EE7002 /* nonfriend_8.png */; };
		A070789215B8E4F200EE7002 /* nonfriend_9.png in Resources */ = {isa = PBXBuildFile; fileRef = A070788815B8E4F200EE7002 /* nonfriend_9.png */; };
		A070789315B8E4F200EE7002 /* nonfriend_10.png in Resources */ = {isa = PBXBuildFile; fileRef = A070788915B8E4F200EE7002 /* nonfriend_10.png */; };
		A070789815B8FE1700EE7002 /* sparkleparticle.tga in Resources */ = {isa = PBXBuildFile; fileRef = A070789715B8FE1700EE7002 /* sparkleparticle.tga */; };
		A070789A15B9018100EE7002 /* sparkleoutterparticle.tga in Resources */ = {isa = PBXBuildFile; fileRef = A070789915B9018100EE7002 /* sparkleoutterparticle.tga */; };
		A0810C3F181814160052A525 /* FacebookController.cpp in Sources */ = {isa = PBXBuildFile; fileRef = A0810C3D181814160052A525 /* FacebookController.cpp */; };
		A082F4A61603276400319409 /* brag_button.png in Resources */ = {isa = PBXBuildFile; fileRef = A082F4A51603276400319409 /* brag_button.png */; };
		A082F4A816032DB400319409 /* challenge_button.png in Resources */ = {isa = PBXBuildFile; fileRef = A082F4A716032DB400319409 /* challenge_button.png */; };
		A082F4B01603546400319409 /* heart_red.tga in Resources */ = {isa = PBXBuildFile; fileRef = A082F4AF1603546400319409 /* heart_red.tga */; };
		A082F4B31603554E00319409 /* isloading.png in Resources */ = {isa = PBXBuildFile; fileRef = A082F4B11603554E00319409 /* isloading.png */; };
		A082F4B41603554E00319409 /* loadingspinner.tga in Resources */ = {isa = PBXBuildFile; fileRef = A082F4B21603554E00319409 /* loadingspinner.tga */; };
		A082F4B616035F5500319409 /* plus_1.tga in Resources */ = {isa = PBXBuildFile; fileRef = A082F4B516035F5500319409 /* plus_1.tga */; };
		A082F4B9160368EE00319409 /* plus_2.tga in Resources */ = {isa = PBXBuildFile; fileRef = A082F4B7160368EE00319409 /* plus_2.tga */; };
		A082F4BA160368EE00319409 /* plus_3.tga in Resources */ = {isa = PBXBuildFile; fileRef = A082F4B8160368EE00319409 /* plus_3.tga */; };
		A082F4C21603716D00319409 /* ConfettiEffect_OpenGLES2.cpp in Sources */ = {isa = PBXBuildFile; fileRef = A082F4BE1603716D00319409 /* ConfettiEffect_OpenGLES2.cpp */; };
		A082F4C31603716D00319409 /* ConfettiEffect.cpp in Sources */ = {isa = PBXBuildFile; fileRef = A082F4C01603716D00319409 /* ConfettiEffect.cpp */; };
		A0846E80190DD03C000B93F8 /* send_button.png in Resources */ = {isa = PBXBuildFile; fileRef = A0846E7F190DD03C000B93F8 /* send_button.png */; };
		A0846E83190DDDA5000B93F8 /* mfs_toggle_invite.png in Resources */ = {isa = PBXBuildFile; fileRef = A0846E81190DDDA5000B93F8 /* mfs_toggle_invite.png */; };
		A0846E84190DDDA5000B93F8 /* mfs_toggle_request.png in Resources */ = {isa = PBXBuildFile; fileRef = A0846E82190DDDA5000B93F8 /* mfs_toggle_request.png */; };
		A0846E86190EBE0A000B93F8 /* profile_holder_invert.png in Resources */ = {isa = PBXBuildFile; fileRef = A0846E85190EBE0A000B93F8 /* profile_holder_invert.png */; };
		A088804515D502CF001287E5 /* Icon@2x.png in Resources */ = {isa = PBXBuildFile; fileRef = A088804415D502CF001287E5 /* Icon@2x.png */; };
		A088804915D502F0001287E5 /* Icon.png in Resources */ = {isa = PBXBuildFile; fileRef = A088804815D502F0001287E5 /* Icon.png */; };
		A093DD1816404CD600E368B6 /* NSObject+SBJson.m in Sources */ = {isa = PBXBuildFile; fileRef = A093DD0016404CD600E368B6 /* NSObject+SBJson.m */; };
		A093DD1916404CD600E368B6 /* SBJsonParser.m in Sources */ = {isa = PBXBuildFile; fileRef = A093DD0316404CD600E368B6 /* SBJsonParser.m */; };
		A093DD1A16404CD600E368B6 /* SBJsonStreamParser.m in Sources */ = {isa = PBXBuildFile; fileRef = A093DD0516404CD600E368B6 /* SBJsonStreamParser.m */; };
		A093DD1B16404CD600E368B6 /* SBJsonStreamParserAccumulator.m in Sources */ = {isa = PBXBuildFile; fileRef = A093DD0716404CD600E368B6 /* SBJsonStreamParserAccumulator.m */; };
		A093DD1C16404CD600E368B6 /* SBJsonStreamParserAdapter.m in Sources */ = {isa = PBXBuildFile; fileRef = A093DD0916404CD600E368B6 /* SBJsonStreamParserAdapter.m */; };
		A093DD1D16404CD600E368B6 /* SBJsonStreamParserState.m in Sources */ = {isa = PBXBuildFile; fileRef = A093DD0B16404CD600E368B6 /* SBJsonStreamParserState.m */; };
		A093DD1E16404CD600E368B6 /* SBJsonStreamWriter.m in Sources */ = {isa = PBXBuildFile; fileRef = A093DD0D16404CD600E368B6 /* SBJsonStreamWriter.m */; };
		A093DD1F16404CD600E368B6 /* SBJsonStreamWriterAccumulator.m in Sources */ = {isa = PBXBuildFile; fileRef = A093DD0F16404CD600E368B6 /* SBJsonStreamWriterAccumulator.m */; };
		A093DD2016404CD600E368B6 /* SBJsonStreamWriterState.m in Sources */ = {isa = PBXBuildFile; fileRef = A093DD1116404CD600E368B6 /* SBJsonStreamWriterState.m */; };
		A093DD2116404CD600E368B6 /* SBJsonTokeniser.m in Sources */ = {isa = PBXBuildFile; fileRef = A093DD1316404CD600E368B6 /* SBJsonTokeniser.m */; };
		A093DD2216404CD600E368B6 /* SBJsonUTF8Stream.m in Sources */ = {isa = PBXBuildFile; fileRef = A093DD1516404CD600E368B6 /* SBJsonUTF8Stream.m */; };
		A093DD2316404CD600E368B6 /* SBJsonWriter.m in Sources */ = {isa = PBXBuildFile; fileRef = A093DD1716404CD600E368B6 /* SBJsonWriter.m */; };
		A0A92CFE16164C5700D36362 /* AdSupport.framework in Frameworks */ = {isa = PBXBuildFile; fileRef = A0A92CFD16164C5700D36362 /* AdSupport.framework */; settings = {ATTRIBUTES = (Required, ); }; };
		A0B278E3165F03A900631E90 /* scores_button.png in Resources */ = {isa = PBXBuildFile; fileRef = A0B278E2165F03A900631E90 /* scores_button.png */; };
		A0CAE5D9181B0E0100A2AC12 /* gamescreen_background.png in Resources */ = {isa = PBXBuildFile; fileRef = A0CAE5D8181B0E0100A2AC12 /* gamescreen_background.png */; };
		A0CAE5DC181B200900A2AC12 /* bombplus_icon.png in Resources */ = {isa = PBXBuildFile; fileRef = A0CAE5DA181B200900A2AC12 /* bombplus_icon.png */; };
		A0CAE5DD181B200900A2AC12 /* coin_icon.png in Resources */ = {isa = PBXBuildFile; fileRef = A0CAE5DB181B200900A2AC12 /* coin_icon.png */; };
		A0DA12FF165F0CF5006351B4 /* scorestub_odd.png in Resources */ = {isa = PBXBuildFile; fileRef = A0DA12FE165F0CF5006351B4 /* scorestub_odd.png */; };
		A0DA1301165F0D38006351B4 /* scorestub_even.png in Resources */ = {isa = PBXBuildFile; fileRef = A0DA1300165F0D38006351B4 /* scorestub_even.png */; };
		A0DA1303165FC6AA006351B4 /* mainmenu_button.png in Resources */ = {isa = PBXBuildFile; fileRef = A0DA1302165FC6AA006351B4 /* mainmenu_button.png */; };
		A0E217311600C80900414F9E /* playnow_button.png in Resources */ = {isa = PBXBuildFile; fileRef = A0E217301600C80900414F9E /* playnow_button.png */; };
		A0E217351600D0FD00414F9E /* Avenir.ttc in Resources */ = {isa = PBXBuildFile; fileRef = A0E217341600D0FD00414F9E /* Avenir.ttc */; };
		A0E217371600DE7D00414F9E /* login_button.png in Resources */ = {isa = PBXBuildFile; fileRef = A0E217361600DE7D00414F9E /* login_button.png */; };
		A0E34437181D55B5008D7A38 /* bombbutton.png in Resources */ = {isa = PBXBuildFile; fileRef = A0E34436181D55B5008D7A38 /* bombbutton.png */; };
		A0E3444118201169008D7A38 /* AlertDialog.cpp in Sources */ = {isa = PBXBuildFile; fileRef = A0E3443F18201169008D7A38 /* AlertDialog.cpp */; };
		A96542E41910691900AD6F6E /* FacebookSDK.framework in Frameworks */ = {isa = PBXBuildFile; fileRef = A96542E31910691900AD6F6E /* FacebookSDK.framework */; };
		A9D1FC7D191047B200A1AC9A /* Parse.framework in Frameworks */ = {isa = PBXBuildFile; fileRef = A9D1FC7C191047B200A1AC9A /* Parse.framework */; };
		A9D1FC80191048F300A1AC9A /* ParseController.cpp in Sources */ = {isa = PBXBuildFile; fileRef = A9D1FC7E191048F300A1AC9A /* ParseController.cpp */; };
		F9DEF42E172EE1B800A903E0 /* Security.framework in Frameworks */ = {isa = PBXBuildFile; fileRef = F9DEF42D172EE1B800A903E0 /* Security.framework */; settings = {ATTRIBUTES = (Required, ); }; };
		F9DEF43A172F194500A903E0 /* libsqlite3.dylib in Frameworks */ = {isa = PBXBuildFile; fileRef = F9DEF439172F194500A903E0 /* libsqlite3.dylib */; settings = {ATTRIBUTES = (Required, ); }; };
/* End PBXBuildFile section */

/* Begin PBXFileReference section */
		A00704A71816BAD700FB2D7E /* MenuController.h */ = {isa = PBXFileReference; fileEncoding = 4; lastKnownFileType = sourcecode.c.h; path = MenuController.h; sourceTree = "<group>"; };
		A00704A81816BAE500FB2D7E /* MenuController.cpp */ = {isa = PBXFileReference; explicitFileType = sourcecode.cpp.objcpp.preprocessed; fileEncoding = 4; path = MenuController.cpp; sourceTree = "<group>"; };
		A00704AA1816D81E00FB2D7E /* FriendSmashController.cpp */ = {isa = PBXFileReference; explicitFileType = sourcecode.cpp.objcpp.preprocessed; fileEncoding = 4; path = FriendSmashController.cpp; sourceTree = "<group>"; };
		A00704AB1816D81E00FB2D7E /* FriendSmashController.h */ = {isa = PBXFileReference; fileEncoding = 4; lastKnownFileType = sourcecode.c.h; path = FriendSmashController.h; sourceTree = "<group>"; };
		A009E48F15B578A8000604D1 /* friendSmasher.app */ = {isa = PBXFileReference; explicitFileType = wrapper.application; includeInIndex = 0; path = friendSmasher.app; sourceTree = BUILT_PRODUCTS_DIR; };
		A009E49315B578A8000604D1 /* UIKit.framework */ = {isa = PBXFileReference; lastKnownFileType = wrapper.framework; name = UIKit.framework; path = System/Library/Frameworks/UIKit.framework; sourceTree = SDKROOT; };
		A009E49515B578A8000604D1 /* Foundation.framework */ = {isa = PBXFileReference; lastKnownFileType = wrapper.framework; name = Foundation.framework; path = System/Library/Frameworks/Foundation.framework; sourceTree = SDKROOT; };
		A009E49715B578A8000604D1 /* CoreGraphics.framework */ = {isa = PBXFileReference; lastKnownFileType = wrapper.framework; name = CoreGraphics.framework; path = System/Library/Frameworks/CoreGraphics.framework; sourceTree = SDKROOT; };
		A009E49915B578A8000604D1 /* GLKit.framework */ = {isa = PBXFileReference; lastKnownFileType = wrapper.framework; name = GLKit.framework; path = System/Library/Frameworks/GLKit.framework; sourceTree = SDKROOT; };
		A009E49B15B578A8000604D1 /* OpenGLES.framework */ = {isa = PBXFileReference; lastKnownFileType = wrapper.framework; name = OpenGLES.framework; path = System/Library/Frameworks/OpenGLES.framework; sourceTree = SDKROOT; };
		A009E49F15B578A8000604D1 /* friendSmasher-Info.plist */ = {isa = PBXFileReference; lastKnownFileType = text.plist.xml; path = "friendSmasher-Info.plist"; sourceTree = "<group>"; };
		A009E4A115B578A8000604D1 /* en */ = {isa = PBXFileReference; lastKnownFileType = text.plist.strings; name = en; path = en.lproj/InfoPlist.strings; sourceTree = "<group>"; };
		A009E4A315B578A8000604D1 /* main.m */ = {isa = PBXFileReference; lastKnownFileType = sourcecode.c.objc; path = main.m; sourceTree = "<group>"; };
		A009E4A515B578A8000604D1 /* friendSmasher-Prefix.pch */ = {isa = PBXFileReference; lastKnownFileType = sourcecode.c.h; path = "friendSmasher-Prefix.pch"; sourceTree = "<group>"; };
		A009E4A615B578A8000604D1 /* AppDelegate.h */ = {isa = PBXFileReference; lastKnownFileType = sourcecode.c.h; path = AppDelegate.h; sourceTree = "<group>"; };
		A009E4A715B578A8000604D1 /* AppDelegate.mm */ = {isa = PBXFileReference; lastKnownFileType = sourcecode.cpp.objcpp; path = AppDelegate.mm; sourceTree = "<group>"; };
		A009E4AA15B578A8000604D1 /* en */ = {isa = PBXFileReference; lastKnownFileType = file.storyboard; name = en; path = en.lproj/MainStoryboard.storyboard; sourceTree = "<group>"; };
		A009E4B015B578A8000604D1 /* ViewController.h */ = {isa = PBXFileReference; lastKnownFileType = sourcecode.c.h; path = ViewController.h; sourceTree = "<group>"; };
		A009E4B115B578A8000604D1 /* ViewController.mm */ = {isa = PBXFileReference; lastKnownFileType = sourcecode.cpp.objcpp; path = ViewController.mm; sourceTree = "<group>"; };
		A009E4BB15B579A4000604D1 /* File.cpp */ = {isa = PBXFileReference; fileEncoding = 4; lastKnownFileType = sourcecode.cpp.cpp; lineEnding = 0; path = File.cpp; sourceTree = "<group>"; xcLanguageSpecificationIdentifier = xcode.lang.cpp; };
		A009E4BC15B579A4000604D1 /* File.h */ = {isa = PBXFileReference; fileEncoding = 4; lastKnownFileType = sourcecode.c.h; lineEnding = 2; path = File.h; sourceTree = "<group>"; xcLanguageSpecificationIdentifier = xcode.lang.objcpp; };
		A009E4BD15B579A4000604D1 /* File_iPhoneCore.h */ = {isa = PBXFileReference; fileEncoding = 4; lastKnownFileType = sourcecode.c.h; path = File_iPhoneCore.h; sourceTree = "<group>"; };
		A009E4BE15B579A4000604D1 /* File_iPhoneCore.mm */ = {isa = PBXFileReference; fileEncoding = 4; lastKnownFileType = sourcecode.cpp.objcpp; path = File_iPhoneCore.mm; sourceTree = "<group>"; };
		A009E4C515B579A4000604D1 /* GenericShaders.cpp */ = {isa = PBXFileReference; fileEncoding = 4; lastKnownFileType = sourcecode.cpp.cpp; path = GenericShaders.cpp; sourceTree = "<group>"; };
		A009E4C615B579A4000604D1 /* GenericShaders.h */ = {isa = PBXFileReference; fileEncoding = 4; lastKnownFileType = sourcecode.c.h; lineEnding = 0; path = GenericShaders.h; sourceTree = "<group>"; xcLanguageSpecificationIdentifier = xcode.lang.objcpp; };
		A009E4C715B579A4000604D1 /* Graphics.cpp */ = {isa = PBXFileReference; fileEncoding = 4; lastKnownFileType = sourcecode.cpp.cpp; lineEnding = 2; path = Graphics.cpp; sourceTree = "<group>"; xcLanguageSpecificationIdentifier = xcode.lang.cpp; };
		A009E4C815B579A4000604D1 /* Graphics.h */ = {isa = PBXFileReference; fileEncoding = 4; lastKnownFileType = sourcecode.c.h; lineEnding = 0; path = Graphics.h; sourceTree = "<group>"; xcLanguageSpecificationIdentifier = xcode.lang.objcpp; };
		A009E4CC15B579A4000604D1 /* ShaderProgram.h */ = {isa = PBXFileReference; fileEncoding = 4; lastKnownFileType = sourcecode.c.h; lineEnding = 0; path = ShaderProgram.h; sourceTree = "<group>"; xcLanguageSpecificationIdentifier = xcode.lang.objcpp; };
		A009E4CD15B579A4000604D1 /* ShaderProgram.mm */ = {isa = PBXFileReference; fileEncoding = 4; lastKnownFileType = sourcecode.cpp.objcpp; lineEnding = 0; path = ShaderProgram.mm; sourceTree = "<group>"; xcLanguageSpecificationIdentifier = xcode.lang.objcpp; };
		A009E4CE15B579A4000604D1 /* Sprite.cpp */ = {isa = PBXFileReference; fileEncoding = 4; lastKnownFileType = sourcecode.cpp.cpp; lineEnding = 2; path = Sprite.cpp; sourceTree = "<group>"; xcLanguageSpecificationIdentifier = xcode.lang.cpp; };
		A009E4CF15B579A4000604D1 /* Sprite.h */ = {isa = PBXFileReference; fileEncoding = 4; lastKnownFileType = sourcecode.c.h; lineEnding = 2; path = Sprite.h; sourceTree = "<group>"; xcLanguageSpecificationIdentifier = xcode.lang.objcpp; };
		A009E4D015B579A4000604D1 /* SpriteManager.cpp */ = {isa = PBXFileReference; fileEncoding = 4; lastKnownFileType = sourcecode.cpp.cpp; lineEnding = 0; path = SpriteManager.cpp; sourceTree = "<group>"; xcLanguageSpecificationIdentifier = xcode.lang.cpp; };
		A009E4D115B579A4000604D1 /* SpriteManager.h */ = {isa = PBXFileReference; fileEncoding = 4; lastKnownFileType = sourcecode.c.h; lineEnding = 0; path = SpriteManager.h; sourceTree = "<group>"; xcLanguageSpecificationIdentifier = xcode.lang.objcpp; };
		A009E4D215B579A4000604D1 /* TextureResource.cpp */ = {isa = PBXFileReference; explicitFileType = sourcecode.cpp.objcpp.preprocessed; fileEncoding = 4; lineEnding = 2; path = TextureResource.cpp; sourceTree = "<group>"; xcLanguageSpecificationIdentifier = xcode.lang.cpp; };
		A009E4D315B579A4000604D1 /* TextureResource.h */ = {isa = PBXFileReference; fileEncoding = 4; lastKnownFileType = sourcecode.c.h; lineEnding = 2; path = TextureResource.h; sourceTree = "<group>"; xcLanguageSpecificationIdentifier = xcode.lang.objcpp; };
		A009E4D615B579A4000604D1 /* debug.cpp */ = {isa = PBXFileReference; fileEncoding = 4; lastKnownFileType = sourcecode.cpp.cpp; lineEnding = 2; path = debug.cpp; sourceTree = "<group>"; xcLanguageSpecificationIdentifier = xcode.lang.cpp; };
		A009E4D715B579A4000604D1 /* debug.h */ = {isa = PBXFileReference; fileEncoding = 4; lastKnownFileType = sourcecode.c.h; lineEnding = 2; path = debug.h; sourceTree = "<group>"; xcLanguageSpecificationIdentifier = xcode.lang.objcpp; };
		A009E4D915B579A4000604D1 /* type_defs.h */ = {isa = PBXFileReference; fileEncoding = 4; lastKnownFileType = sourcecode.c.h; lineEnding = 2; path = type_defs.h; sourceTree = "<group>"; xcLanguageSpecificationIdentifier = xcode.lang.objcpp; };
		A009E4E715B579A4000604D1 /* math_def.h */ = {isa = PBXFileReference; fileEncoding = 4; lastKnownFileType = sourcecode.c.h; lineEnding = 2; path = math_def.h; sourceTree = "<group>"; xcLanguageSpecificationIdentifier = xcode.lang.objcpp; };
		A009E4E815B579A4000604D1 /* math_lib.h */ = {isa = PBXFileReference; fileEncoding = 4; lastKnownFileType = sourcecode.c.h; lineEnding = 2; path = math_lib.h; sourceTree = "<group>"; xcLanguageSpecificationIdentifier = xcode.lang.objcpp; };
		A009E4E915B579A4000604D1 /* math_op.h */ = {isa = PBXFileReference; fileEncoding = 4; lastKnownFileType = sourcecode.c.h; lineEnding = 2; path = math_op.h; sourceTree = "<group>"; xcLanguageSpecificationIdentifier = xcode.lang.objcpp; };
		A009E4EA15B579A4000604D1 /* mtx33.cpp */ = {isa = PBXFileReference; fileEncoding = 4; lastKnownFileType = sourcecode.cpp.cpp; lineEnding = 2; path = mtx33.cpp; sourceTree = "<group>"; xcLanguageSpecificationIdentifier = xcode.lang.cpp; };
		A009E4EB15B579A4000604D1 /* mtx33.h */ = {isa = PBXFileReference; fileEncoding = 4; lastKnownFileType = sourcecode.c.h; lineEnding = 2; path = mtx33.h; sourceTree = "<group>"; xcLanguageSpecificationIdentifier = xcode.lang.objcpp; };
		A009E4EC15B579A4000604D1 /* mtx33_op.h */ = {isa = PBXFileReference; fileEncoding = 4; lastKnownFileType = sourcecode.c.h; lineEnding = 2; path = mtx33_op.h; sourceTree = "<group>"; xcLanguageSpecificationIdentifier = xcode.lang.objcpp; };
		A009E4ED15B579A4000604D1 /* mtx44.cpp */ = {isa = PBXFileReference; fileEncoding = 4; lastKnownFileType = sourcecode.cpp.cpp; lineEnding = 2; path = mtx44.cpp; sourceTree = "<group>"; xcLanguageSpecificationIdentifier = xcode.lang.cpp; };
		A009E4EE15B579A4000604D1 /* mtx44.h */ = {isa = PBXFileReference; fileEncoding = 4; lastKnownFileType = sourcecode.c.h; lineEnding = 2; path = mtx44.h; sourceTree = "<group>"; xcLanguageSpecificationIdentifier = xcode.lang.objcpp; };
		A009E4EF15B579A4000604D1 /* mtx44_op.h */ = {isa = PBXFileReference; fileEncoding = 4; lastKnownFileType = sourcecode.c.h; lineEnding = 2; path = mtx44_op.h; sourceTree = "<group>"; xcLanguageSpecificationIdentifier = xcode.lang.objcpp; };
		A009E4F215B579A4000604D1 /* vec2.cpp */ = {isa = PBXFileReference; fileEncoding = 4; lastKnownFileType = sourcecode.cpp.cpp; lineEnding = 2; path = vec2.cpp; sourceTree = "<group>"; xcLanguageSpecificationIdentifier = xcode.lang.cpp; };
		A009E4F315B579A4000604D1 /* vec2.h */ = {isa = PBXFileReference; fileEncoding = 4; lastKnownFileType = sourcecode.c.h; lineEnding = 0; path = vec2.h; sourceTree = "<group>"; xcLanguageSpecificationIdentifier = xcode.lang.objcpp; };
		A009E4F415B579A4000604D1 /* vec2_op.h */ = {isa = PBXFileReference; fileEncoding = 4; lastKnownFileType = sourcecode.c.h; lineEnding = 2; path = vec2_op.h; sourceTree = "<group>"; xcLanguageSpecificationIdentifier = xcode.lang.objcpp; };
		A009E4F515B579A4000604D1 /* vec3.cpp */ = {isa = PBXFileReference; fileEncoding = 4; lastKnownFileType = sourcecode.cpp.cpp; lineEnding = 2; path = vec3.cpp; sourceTree = "<group>"; xcLanguageSpecificationIdentifier = xcode.lang.cpp; };
		A009E4F615B579A4000604D1 /* vec3.h */ = {isa = PBXFileReference; fileEncoding = 4; lastKnownFileType = sourcecode.c.h; lineEnding = 2; path = vec3.h; sourceTree = "<group>"; xcLanguageSpecificationIdentifier = xcode.lang.objcpp; };
		A009E4F715B579A4000604D1 /* vec3_op.h */ = {isa = PBXFileReference; fileEncoding = 4; lastKnownFileType = sourcecode.c.h; lineEnding = 2; path = vec3_op.h; sourceTree = "<group>"; xcLanguageSpecificationIdentifier = xcode.lang.objcpp; };
		A009E4F815B579A4000604D1 /* vec4.cpp */ = {isa = PBXFileReference; fileEncoding = 4; lastKnownFileType = sourcecode.cpp.cpp; lineEnding = 2; path = vec4.cpp; sourceTree = "<group>"; xcLanguageSpecificationIdentifier = xcode.lang.cpp; };
		A009E4F915B579A4000604D1 /* vec4.h */ = {isa = PBXFileReference; fileEncoding = 4; lastKnownFileType = sourcecode.c.h; lineEnding = 2; path = vec4.h; sourceTree = "<group>"; xcLanguageSpecificationIdentifier = xcode.lang.objcpp; };
		A009E4FA15B579A4000604D1 /* vec4_op.h */ = {isa = PBXFileReference; fileEncoding = 4; lastKnownFileType = sourcecode.c.h; lineEnding = 2; path = vec4_op.h; sourceTree = "<group>"; xcLanguageSpecificationIdentifier = xcode.lang.objcpp; };
		A009E4FC15B579A4000604D1 /* null.h */ = {isa = PBXFileReference; fileEncoding = 4; lastKnownFileType = sourcecode.c.h; path = null.h; sourceTree = "<group>"; };
		A0260A1115C1921800EA753F /* GameController.cpp */ = {isa = PBXFileReference; explicitFileType = sourcecode.cpp.objcpp.preprocessed; fileEncoding = 4; path = GameController.cpp; sourceTree = "<group>"; xcLanguageSpecificationIdentifier = xcode.lang.cpp; };
		A03DE24E160E55AE003CF127 /* Accounts.framework */ = {isa = PBXFileReference; lastKnownFileType = wrapper.framework; name = Accounts.framework; path = System/Library/Frameworks/Accounts.framework; sourceTree = SDKROOT; };
		A03DE250160E55B6003CF127 /* Social.framework */ = {isa = PBXFileReference; lastKnownFileType = wrapper.framework; name = Social.framework; path = System/Library/Frameworks/Social.framework; sourceTree = SDKROOT; };
		A04692BA1909759F00A4D096 /* AlertDialog.h */ = {isa = PBXFileReference; fileEncoding = 4; lastKnownFileType = sourcecode.c.h; path = AlertDialog.h; sourceTree = "<group>"; };
		A04692BB190977C600A4D096 /* alert_bg.png */ = {isa = PBXFileReference; lastKnownFileType = image.png; path = alert_bg.png; sourceTree = "<group>"; };
		A04692BD1909902700A4D096 /* no_button.png */ = {isa = PBXFileReference; lastKnownFileType = image.png; path = no_button.png; sourceTree = "<group>"; };
		A04692BE1909902700A4D096 /* yes_button.png */ = {isa = PBXFileReference; lastKnownFileType = image.png; path = yes_button.png; sourceTree = "<group>"; };
		A04692C1190A98A600A4D096 /* checkbox_cold.png */ = {isa = PBXFileReference; lastKnownFileType = image.png; path = checkbox_cold.png; sourceTree = "<group>"; };
		A04692C2190A98A600A4D096 /* checkbox_hot.png */ = {isa = PBXFileReference; lastKnownFileType = image.png; path = checkbox_hot.png; sourceTree = "<group>"; };
		A04692C5190A98CC00A4D096 /* MultiFriendSelector.cpp */ = {isa = PBXFileReference; explicitFileType = sourcecode.cpp.objcpp.preprocessed; fileEncoding = 4; path = MultiFriendSelector.cpp; sourceTree = "<group>"; };
		A04692C6190A98CC00A4D096 /* MultiFriendSelector.h */ = {isa = PBXFileReference; fileEncoding = 4; lastKnownFileType = sourcecode.c.h; path = MultiFriendSelector.h; sourceTree = "<group>"; };
		A059D25515F68FEF00D0F094 /* frontscreen_background.png */ = {isa = PBXFileReference; lastKnownFileType = image.png; path = frontscreen_background.png; sourceTree = "<group>"; };
		A05CC36D16031808007FE563 /* logout_button.png */ = {isa = PBXFileReference; lastKnownFileType = image.png; path = logout_button.png; sourceTree = "<group>"; };
		A06CD99018101765004DF823 /* Default.png */ = {isa = PBXFileReference; lastKnownFileType = image.png; path = Default.png; sourceTree = "<group>"; };
		A06CD99118101765004DF823 /* Default-568h@2x.png */ = {isa = PBXFileReference; lastKnownFileType = image.png; path = "Default-568h@2x.png"; sourceTree = "<group>"; };
		A06CD994181017B5004DF823 /* Default~iphone.png */ = {isa = PBXFileReference; lastKnownFileType = image.png; path = "Default~iphone.png"; sourceTree = "<group>"; };
		A06CD9A018107564004DF823 /* AudioToolbox.framework */ = {isa = PBXFileReference; lastKnownFileType = wrapper.framework; name = AudioToolbox.framework; path = System/Library/Frameworks/AudioToolbox.framework; sourceTree = SDKROOT; };
		A06CD9A21810757C004DF823 /* StoreKit.framework */ = {isa = PBXFileReference; lastKnownFileType = wrapper.framework; name = StoreKit.framework; path = System/Library/Frameworks/StoreKit.framework; sourceTree = SDKROOT; };
		A06CD9A418107599004DF823 /* CFNetwork.framework */ = {isa = PBXFileReference; lastKnownFileType = wrapper.framework; name = CFNetwork.framework; path = System/Library/Frameworks/CFNetwork.framework; sourceTree = SDKROOT; };
		A06CD9A6181075B1004DF823 /* CoreLocation.framework */ = {isa = PBXFileReference; lastKnownFileType = wrapper.framework; name = CoreLocation.framework; path = System/Library/Frameworks/CoreLocation.framework; sourceTree = SDKROOT; };
		A06CD9A8181075EE004DF823 /* QuartzCore.framework */ = {isa = PBXFileReference; lastKnownFileType = wrapper.framework; name = QuartzCore.framework; path = System/Library/Frameworks/QuartzCore.framework; sourceTree = SDKROOT; };
		A06CD9AA1810762B004DF823 /* SystemConfiguration.framework */ = {isa = PBXFileReference; lastKnownFileType = wrapper.framework; name = SystemConfiguration.framework; path = System/Library/Frameworks/SystemConfiguration.framework; sourceTree = SDKROOT; };
		A06CD9AC1810765C004DF823 /* MobileCoreServices.framework */ = {isa = PBXFileReference; lastKnownFileType = wrapper.framework; name = MobileCoreServices.framework; path = System/Library/Frameworks/MobileCoreServices.framework; sourceTree = SDKROOT; };
		A06CD9AE181076EC004DF823 /* libz.1.1.3.dylib */ = {isa = PBXFileReference; lastKnownFileType = "compiled.mach-o.dylib"; name = libz.1.1.3.dylib; path = usr/lib/libz.1.1.3.dylib; sourceTree = SDKROOT; };
		A06CD9B51810A022004DF823 /* bomb_red.tga */ = {isa = PBXFileReference; lastKnownFileType = file; path = bomb_red.tga; sourceTree = "<group>"; };
		A06CD9B61810A022004DF823 /* coin_red.tga */ = {isa = PBXFileReference; lastKnownFileType = file; path = coin_red.tga; sourceTree = "<group>"; };
		A06CD9B71810A022004DF823 /* profile_holder.png */ = {isa = PBXFileReference; lastKnownFileType = image.png; path = profile_holder.png; sourceTree = "<group>"; };
		A070786C15B88B2500EE7002 /* ImageFetcher.h */ = {isa = PBXFileReference; fileEncoding = 4; lastKnownFileType = sourcecode.c.h; path = ImageFetcher.h; sourceTree = "<group>"; };
		A070786D15B88B2500EE7002 /* ImageFetcher.m */ = {isa = PBXFileReference; fileEncoding = 4; lastKnownFileType = sourcecode.c.objc; path = ImageFetcher.m; sourceTree = "<group>"; };
		A070786F15B88B8300EE7002 /* ImageFetcherDelegate.h */ = {isa = PBXFileReference; lastKnownFileType = sourcecode.c.h; path = ImageFetcherDelegate.h; sourceTree = "<group>"; };
		A070787D15B8D8E500EE7002 /* random.cpp */ = {isa = PBXFileReference; fileEncoding = 4; lastKnownFileType = sourcecode.cpp.cpp; name = random.cpp; path = Random/random.cpp; sourceTree = "<group>"; };
		A070787E15B8D8E500EE7002 /* random.h */ = {isa = PBXFileReference; fileEncoding = 4; lastKnownFileType = sourcecode.c.h; name = random.h; path = Random/random.h; sourceTree = "<group>"; };
		A070788015B8E4F100EE7002 /* nonfriend_1.png */ = {isa = PBXFileReference; lastKnownFileType = image.png; path = nonfriend_1.png; sourceTree = "<group>"; };
		A070788115B8E4F100EE7002 /* nonfriend_2.png */ = {isa = PBXFileReference; lastKnownFileType = image.png; path = nonfriend_2.png; sourceTree = "<group>"; };
		A070788215B8E4F100EE7002 /* nonfriend_3.png */ = {isa = PBXFileReference; lastKnownFileType = image.png; path = nonfriend_3.png; sourceTree = "<group>"; };
		A070788315B8E4F200EE7002 /* nonfriend_4.png */ = {isa = PBXFileReference; lastKnownFileType = image.png; path = nonfriend_4.png; sourceTree = "<group>"; };
		A070788415B8E4F200EE7002 /* nonfriend_5.png */ = {isa = PBXFileReference; lastKnownFileType = image.png; path = nonfriend_5.png; sourceTree = "<group>"; };
		A070788515B8E4F200EE7002 /* nonfriend_6.png */ = {isa = PBXFileReference; lastKnownFileType = image.png; path = nonfriend_6.png; sourceTree = "<group>"; };
		A070788615B8E4F200EE7002 /* nonfriend_7.png */ = {isa = PBXFileReference; lastKnownFileType = image.png; path = nonfriend_7.png; sourceTree = "<group>"; };
		A070788715B8E4F200EE7002 /* nonfriend_8.png */ = {isa = PBXFileReference; lastKnownFileType = image.png; path = nonfriend_8.png; sourceTree = "<group>"; };
		A070788815B8E4F200EE7002 /* nonfriend_9.png */ = {isa = PBXFileReference; lastKnownFileType = image.png; path = nonfriend_9.png; sourceTree = "<group>"; };
		A070788915B8E4F200EE7002 /* nonfriend_10.png */ = {isa = PBXFileReference; lastKnownFileType = image.png; path = nonfriend_10.png; sourceTree = "<group>"; };
		A070789715B8FE1700EE7002 /* sparkleparticle.tga */ = {isa = PBXFileReference; lastKnownFileType = file; path = sparkleparticle.tga; sourceTree = "<group>"; };
		A070789915B9018100EE7002 /* sparkleoutterparticle.tga */ = {isa = PBXFileReference; lastKnownFileType = file; path = sparkleoutterparticle.tga; sourceTree = "<group>"; };
		A0810C3D181814160052A525 /* FacebookController.cpp */ = {isa = PBXFileReference; explicitFileType = sourcecode.cpp.objcpp.preprocessed; fileEncoding = 4; path = FacebookController.cpp; sourceTree = "<group>"; };
		A0810C3E181814160052A525 /* FacebookController.h */ = {isa = PBXFileReference; fileEncoding = 4; lastKnownFileType = sourcecode.c.h; path = FacebookController.h; sourceTree = "<group>"; };
		A082F4A51603276400319409 /* brag_button.png */ = {isa = PBXFileReference; lastKnownFileType = image.png; path = brag_button.png; sourceTree = "<group>"; };
		A082F4A716032DB400319409 /* challenge_button.png */ = {isa = PBXFileReference; lastKnownFileType = image.png; path = challenge_button.png; sourceTree = "<group>"; };
		A082F4AF1603546400319409 /* heart_red.tga */ = {isa = PBXFileReference; lastKnownFileType = file; path = heart_red.tga; sourceTree = "<group>"; };
		A082F4B11603554E00319409 /* isloading.png */ = {isa = PBXFileReference; lastKnownFileType = image.png; path = isloading.png; sourceTree = "<group>"; };
		A082F4B21603554E00319409 /* loadingspinner.tga */ = {isa = PBXFileReference; lastKnownFileType = file; path = loadingspinner.tga; sourceTree = "<group>"; };
		A082F4B516035F5500319409 /* plus_1.tga */ = {isa = PBXFileReference; lastKnownFileType = file; path = plus_1.tga; sourceTree = "<group>"; };
		A082F4B7160368EE00319409 /* plus_2.tga */ = {isa = PBXFileReference; lastKnownFileType = file; path = plus_2.tga; sourceTree = "<group>"; };
		A082F4B8160368EE00319409 /* plus_3.tga */ = {isa = PBXFileReference; lastKnownFileType = file; path = plus_3.tga; sourceTree = "<group>"; };
		A082F4BE1603716D00319409 /* ConfettiEffect_OpenGLES2.cpp */ = {isa = PBXFileReference; fileEncoding = 4; lastKnownFileType = sourcecode.cpp.cpp; path = ConfettiEffect_OpenGLES2.cpp; sourceTree = "<group>"; };
		A082F4BF1603716D00319409 /* ConfettiEffect_OpenGLES2.h */ = {isa = PBXFileReference; fileEncoding = 4; lastKnownFileType = sourcecode.c.h; path = ConfettiEffect_OpenGLES2.h; sourceTree = "<group>"; };
		A082F4C01603716D00319409 /* ConfettiEffect.cpp */ = {isa = PBXFileReference; fileEncoding = 4; lastKnownFileType = sourcecode.cpp.cpp; path = ConfettiEffect.cpp; sourceTree = "<group>"; };
		A082F4C11603716D00319409 /* ConfettiEffect.h */ = {isa = PBXFileReference; fileEncoding = 4; lastKnownFileType = sourcecode.c.h; path = ConfettiEffect.h; sourceTree = "<group>"; };
		A0846E7F190DD03C000B93F8 /* send_button.png */ = {isa = PBXFileReference; lastKnownFileType = image.png; path = send_button.png; sourceTree = "<group>"; };
		A0846E81190DDDA5000B93F8 /* mfs_toggle_invite.png */ = {isa = PBXFileReference; lastKnownFileType = image.png; path = mfs_toggle_invite.png; sourceTree = "<group>"; };
		A0846E82190DDDA5000B93F8 /* mfs_toggle_request.png */ = {isa = PBXFileReference; lastKnownFileType = image.png; path = mfs_toggle_request.png; sourceTree = "<group>"; };
		A0846E85190EBE0A000B93F8 /* profile_holder_invert.png */ = {isa = PBXFileReference; lastKnownFileType = image.png; path = profile_holder_invert.png; sourceTree = "<group>"; };
		A088804415D502CF001287E5 /* Icon@2x.png */ = {isa = PBXFileReference; lastKnownFileType = image.png; name = "Icon@2x.png"; path = "../../Icon@2x.png"; sourceTree = "<group>"; };
		A088804815D502F0001287E5 /* Icon.png */ = {isa = PBXFileReference; lastKnownFileType = image.png; name = Icon.png; path = ../../Icon.png; sourceTree = "<group>"; };
		A093DCFF16404CD600E368B6 /* NSObject+SBJson.h */ = {isa = PBXFileReference; fileEncoding = 4; lastKnownFileType = sourcecode.c.h; path = "NSObject+SBJson.h"; sourceTree = "<group>"; };
		A093DD0016404CD600E368B6 /* NSObject+SBJson.m */ = {isa = PBXFileReference; fileEncoding = 4; lastKnownFileType = sourcecode.c.objc; path = "NSObject+SBJson.m"; sourceTree = "<group>"; };
		A093DD0116404CD600E368B6 /* SBJson.h */ = {isa = PBXFileReference; fileEncoding = 4; lastKnownFileType = sourcecode.c.h; path = SBJson.h; sourceTree = "<group>"; };
		A093DD0216404CD600E368B6 /* SBJsonParser.h */ = {isa = PBXFileReference; fileEncoding = 4; lastKnownFileType = sourcecode.c.h; path = SBJsonParser.h; sourceTree = "<group>"; };
		A093DD0316404CD600E368B6 /* SBJsonParser.m */ = {isa = PBXFileReference; fileEncoding = 4; lastKnownFileType = sourcecode.c.objc; path = SBJsonParser.m; sourceTree = "<group>"; };
		A093DD0416404CD600E368B6 /* SBJsonStreamParser.h */ = {isa = PBXFileReference; fileEncoding = 4; lastKnownFileType = sourcecode.c.h; path = SBJsonStreamParser.h; sourceTree = "<group>"; };
		A093DD0516404CD600E368B6 /* SBJsonStreamParser.m */ = {isa = PBXFileReference; fileEncoding = 4; lastKnownFileType = sourcecode.c.objc; path = SBJsonStreamParser.m; sourceTree = "<group>"; };
		A093DD0616404CD600E368B6 /* SBJsonStreamParserAccumulator.h */ = {isa = PBXFileReference; fileEncoding = 4; lastKnownFileType = sourcecode.c.h; path = SBJsonStreamParserAccumulator.h; sourceTree = "<group>"; };
		A093DD0716404CD600E368B6 /* SBJsonStreamParserAccumulator.m */ = {isa = PBXFileReference; fileEncoding = 4; lastKnownFileType = sourcecode.c.objc; path = SBJsonStreamParserAccumulator.m; sourceTree = "<group>"; };
		A093DD0816404CD600E368B6 /* SBJsonStreamParserAdapter.h */ = {isa = PBXFileReference; fileEncoding = 4; lastKnownFileType = sourcecode.c.h; path = SBJsonStreamParserAdapter.h; sourceTree = "<group>"; };
		A093DD0916404CD600E368B6 /* SBJsonStreamParserAdapter.m */ = {isa = PBXFileReference; fileEncoding = 4; lastKnownFileType = sourcecode.c.objc; path = SBJsonStreamParserAdapter.m; sourceTree = "<group>"; };
		A093DD0A16404CD600E368B6 /* SBJsonStreamParserState.h */ = {isa = PBXFileReference; fileEncoding = 4; lastKnownFileType = sourcecode.c.h; path = SBJsonStreamParserState.h; sourceTree = "<group>"; };
		A093DD0B16404CD600E368B6 /* SBJsonStreamParserState.m */ = {isa = PBXFileReference; fileEncoding = 4; lastKnownFileType = sourcecode.c.objc; path = SBJsonStreamParserState.m; sourceTree = "<group>"; };
		A093DD0C16404CD600E368B6 /* SBJsonStreamWriter.h */ = {isa = PBXFileReference; fileEncoding = 4; lastKnownFileType = sourcecode.c.h; path = SBJsonStreamWriter.h; sourceTree = "<group>"; };
		A093DD0D16404CD600E368B6 /* SBJsonStreamWriter.m */ = {isa = PBXFileReference; fileEncoding = 4; lastKnownFileType = sourcecode.c.objc; path = SBJsonStreamWriter.m; sourceTree = "<group>"; };
		A093DD0E16404CD600E368B6 /* SBJsonStreamWriterAccumulator.h */ = {isa = PBXFileReference; fileEncoding = 4; lastKnownFileType = sourcecode.c.h; path = SBJsonStreamWriterAccumulator.h; sourceTree = "<group>"; };
		A093DD0F16404CD600E368B6 /* SBJsonStreamWriterAccumulator.m */ = {isa = PBXFileReference; fileEncoding = 4; lastKnownFileType = sourcecode.c.objc; path = SBJsonStreamWriterAccumulator.m; sourceTree = "<group>"; };
		A093DD1016404CD600E368B6 /* SBJsonStreamWriterState.h */ = {isa = PBXFileReference; fileEncoding = 4; lastKnownFileType = sourcecode.c.h; path = SBJsonStreamWriterState.h; sourceTree = "<group>"; };
		A093DD1116404CD600E368B6 /* SBJsonStreamWriterState.m */ = {isa = PBXFileReference; fileEncoding = 4; lastKnownFileType = sourcecode.c.objc; path = SBJsonStreamWriterState.m; sourceTree = "<group>"; };
		A093DD1216404CD600E368B6 /* SBJsonTokeniser.h */ = {isa = PBXFileReference; fileEncoding = 4; lastKnownFileType = sourcecode.c.h; path = SBJsonTokeniser.h; sourceTree = "<group>"; };
		A093DD1316404CD600E368B6 /* SBJsonTokeniser.m */ = {isa = PBXFileReference; fileEncoding = 4; lastKnownFileType = sourcecode.c.objc; path = SBJsonTokeniser.m; sourceTree = "<group>"; };
		A093DD1416404CD600E368B6 /* SBJsonUTF8Stream.h */ = {isa = PBXFileReference; fileEncoding = 4; lastKnownFileType = sourcecode.c.h; path = SBJsonUTF8Stream.h; sourceTree = "<group>"; };
		A093DD1516404CD600E368B6 /* SBJsonUTF8Stream.m */ = {isa = PBXFileReference; fileEncoding = 4; lastKnownFileType = sourcecode.c.objc; path = SBJsonUTF8Stream.m; sourceTree = "<group>"; };
		A093DD1616404CD600E368B6 /* SBJsonWriter.h */ = {isa = PBXFileReference; fileEncoding = 4; lastKnownFileType = sourcecode.c.h; path = SBJsonWriter.h; sourceTree = "<group>"; };
		A093DD1716404CD600E368B6 /* SBJsonWriter.m */ = {isa = PBXFileReference; fileEncoding = 4; lastKnownFileType = sourcecode.c.objc; path = SBJsonWriter.m; sourceTree = "<group>"; };
		A0A92CFD16164C5700D36362 /* AdSupport.framework */ = {isa = PBXFileReference; lastKnownFileType = wrapper.framework; name = AdSupport.framework; path = System/Library/Frameworks/AdSupport.framework; sourceTree = SDKROOT; };
		A0B278E2165F03A900631E90 /* scores_button.png */ = {isa = PBXFileReference; lastKnownFileType = image.png; path = scores_button.png; sourceTree = "<group>"; };
		A0B903D715B6FE0500B950AA /* GameController.h */ = {isa = PBXFileReference; fileEncoding = 4; lastKnownFileType = sourcecode.c.h; path = GameController.h; sourceTree = "<group>"; xcLanguageSpecificationIdentifier = xcode.lang.cpp; };
		A0CAE5D8181B0E0100A2AC12 /* gamescreen_background.png */ = {isa = PBXFileReference; lastKnownFileType = image.png; path = gamescreen_background.png; sourceTree = "<group>"; };
		A0CAE5DA181B200900A2AC12 /* bombplus_icon.png */ = {isa = PBXFileReference; lastKnownFileType = image.png; path = bombplus_icon.png; sourceTree = "<group>"; };
		A0CAE5DB181B200900A2AC12 /* coin_icon.png */ = {isa = PBXFileReference; lastKnownFileType = image.png; path = coin_icon.png; sourceTree = "<group>"; };
		A0DA12FE165F0CF5006351B4 /* scorestub_odd.png */ = {isa = PBXFileReference; lastKnownFileType = image.png; path = scorestub_odd.png; sourceTree = "<group>"; };
		A0DA1300165F0D38006351B4 /* scorestub_even.png */ = {isa = PBXFileReference; lastKnownFileType = image.png; path = scorestub_even.png; sourceTree = "<group>"; };
		A0DA1302165FC6AA006351B4 /* mainmenu_button.png */ = {isa = PBXFileReference; lastKnownFileType = image.png; path = mainmenu_button.png; sourceTree = "<group>"; };
		A0E217301600C80900414F9E /* playnow_button.png */ = {isa = PBXFileReference; lastKnownFileType = image.png; path = playnow_button.png; sourceTree = "<group>"; };
		A0E217341600D0FD00414F9E /* Avenir.ttc */ = {isa = PBXFileReference; lastKnownFileType = file; path = Avenir.ttc; sourceTree = "<group>"; };
		A0E217361600DE7D00414F9E /* login_button.png */ = {isa = PBXFileReference; lastKnownFileType = image.png; path = login_button.png; sourceTree = "<group>"; };
		A0E34436181D55B5008D7A38 /* bombbutton.png */ = {isa = PBXFileReference; lastKnownFileType = image.png; path = bombbutton.png; sourceTree = "<group>"; };
		A0E3443F18201169008D7A38 /* AlertDialog.cpp */ = {isa = PBXFileReference; explicitFileType = sourcecode.cpp.objcpp.preprocessed; fileEncoding = 4; path = AlertDialog.cpp; sourceTree = "<group>"; };
		A96542E31910691900AD6F6E /* FacebookSDK.framework */ = {isa = PBXFileReference; lastKnownFileType = wrapper.framework; name = FacebookSDK.framework; path = ../../../../Documents/FacebookSDK/FacebookSDK.framework; sourceTree = "<group>"; };
		A9D1FC7C191047B200A1AC9A /* Parse.framework */ = {isa = PBXFileReference; lastKnownFileType = wrapper.framework; path = Parse.framework; sourceTree = "<group>"; };
		A9D1FC7E191048F300A1AC9A /* ParseController.cpp */ = {isa = PBXFileReference; explicitFileType = sourcecode.cpp.objcpp.preprocessed; fileEncoding = 4; path = ParseController.cpp; sourceTree = "<group>"; };
		A9D1FC7F191048F300A1AC9A /* ParseController.h */ = {isa = PBXFileReference; fileEncoding = 4; lastKnownFileType = sourcecode.c.h; path = ParseController.h; sourceTree = "<group>"; };
		F9DEF42D172EE1B800A903E0 /* Security.framework */ = {isa = PBXFileReference; lastKnownFileType = wrapper.framework; name = Security.framework; path = System/Library/Frameworks/Security.framework; sourceTree = SDKROOT; };
		F9DEF439172F194500A903E0 /* libsqlite3.dylib */ = {isa = PBXFileReference; lastKnownFileType = "compiled.mach-o.dylib"; name = libsqlite3.dylib; path = usr/lib/libsqlite3.dylib; sourceTree = SDKROOT; };
/* End PBXFileReference section */

/* Begin PBXFrameworksBuildPhase section */
		A009E48C15B578A8000604D1 /* Frameworks */ = {
			isa = PBXFrameworksBuildPhase;
			buildActionMask = 2147483647;
			files = (
				A06CD9B218107AB3004DF823 /* MobileCoreServices.framework in Frameworks */,
				A96542E41910691900AD6F6E /* FacebookSDK.framework in Frameworks */,
				A06CD9A118107564004DF823 /* AudioToolbox.framework in Frameworks */,
				A06CD9A518107599004DF823 /* CFNetwork.framework in Frameworks */,
				A009E49815B578A8000604D1 /* CoreGraphics.framework in Frameworks */,
				A06CD9A7181075B1004DF823 /* CoreLocation.framework in Frameworks */,
				A06CD9AF181076EC004DF823 /* libz.1.1.3.dylib in Frameworks */,
				A06CD9A9181075EE004DF823 /* QuartzCore.framework in Frameworks */,
				F9DEF42E172EE1B800A903E0 /* Security.framework in Frameworks */,
				A06CD9A31810757C004DF823 /* StoreKit.framework in Frameworks */,
				A06CD9AB1810762B004DF823 /* SystemConfiguration.framework in Frameworks */,
				F9DEF43A172F194500A903E0 /* libsqlite3.dylib in Frameworks */,
				A0A92CFE16164C5700D36362 /* AdSupport.framework in Frameworks */,
				A03DE24F160E55AE003CF127 /* Accounts.framework in Frameworks */,
				A9D1FC7D191047B200A1AC9A /* Parse.framework in Frameworks */,
				A03DE251160E55B6003CF127 /* Social.framework in Frameworks */,
				A009E49415B578A8000604D1 /* UIKit.framework in Frameworks */,
				A009E49615B578A8000604D1 /* Foundation.framework in Frameworks */,
				A009E49A15B578A8000604D1 /* GLKit.framework in Frameworks */,
				A009E49C15B578A8000604D1 /* OpenGLES.framework in Frameworks */,
			);
			runOnlyForDeploymentPostprocessing = 0;
		};
/* End PBXFrameworksBuildPhase section */

/* Begin PBXGroup section */
		A009E48415B578A8000604D1 = {
			isa = PBXGroup;
			children = (
				A093DCFE16404CD600E368B6 /* Classes */,
				A009E4B815B579A4000604D1 /* Art */,
				A009E4BA15B579A4000604D1 /* File */,
				A009E4BF15B579A4000604D1 /* Game */,
				A009E4C215B579A4000604D1 /* Graphics */,
				A009E4D415B579A4000604D1 /* Library */,
				A009E49D15B578A8000604D1 /* friendSmasher */,
				A009E49215B578A8000604D1 /* Frameworks */,
				A009E49015B578A8000604D1 /* Products */,
			);
			sourceTree = "<group>";
		};
		A009E49015B578A8000604D1 /* Products */ = {
			isa = PBXGroup;
			children = (
				A009E48F15B578A8000604D1 /* friendSmasher.app */,
			);
			name = Products;
			sourceTree = "<group>";
		};
		A009E49215B578A8000604D1 /* Frameworks */ = {
			isa = PBXGroup;
			children = (
				A96542E31910691900AD6F6E /* FacebookSDK.framework */,
				A9D1FC7C191047B200A1AC9A /* Parse.framework */,
				A06CD9AE181076EC004DF823 /* libz.1.1.3.dylib */,
				A06CD9AC1810765C004DF823 /* MobileCoreServices.framework */,
				A06CD9AA1810762B004DF823 /* SystemConfiguration.framework */,
				A06CD9A8181075EE004DF823 /* QuartzCore.framework */,
				A0A92CFD16164C5700D36362 /* AdSupport.framework */,
				A03DE250160E55B6003CF127 /* Social.framework */,
				A03DE24E160E55AE003CF127 /* Accounts.framework */,
				A06CD9A018107564004DF823 /* AudioToolbox.framework */,
				A06CD9A418107599004DF823 /* CFNetwork.framework */,
				A009E49715B578A8000604D1 /* CoreGraphics.framework */,
				A06CD9A6181075B1004DF823 /* CoreLocation.framework */,
				A009E49515B578A8000604D1 /* Foundation.framework */,
				F9DEF439172F194500A903E0 /* libsqlite3.dylib */,
				F9DEF42D172EE1B800A903E0 /* Security.framework */,
				A06CD9A21810757C004DF823 /* StoreKit.framework */,
				A009E49915B578A8000604D1 /* GLKit.framework */,
				A009E49B15B578A8000604D1 /* OpenGLES.framework */,
				A009E49315B578A8000604D1 /* UIKit.framework */,
			);
			name = Frameworks;
			sourceTree = "<group>";
		};
		A009E49D15B578A8000604D1 /* friendSmasher */ = {
			isa = PBXGroup;
			children = (
				A009E4A615B578A8000604D1 /* AppDelegate.h */,
				A009E4A715B578A8000604D1 /* AppDelegate.mm */,
				A009E4A915B578A8000604D1 /* MainStoryboard.storyboard */,
				A009E4B015B578A8000604D1 /* ViewController.h */,
				A009E4B115B578A8000604D1 /* ViewController.mm */,
				A009E49E15B578A8000604D1 /* Supporting Files */,
			);
			path = friendSmasher;
			sourceTree = "<group>";
		};
		A009E49E15B578A8000604D1 /* Supporting Files */ = {
			isa = PBXGroup;
			children = (
				A009E49F15B578A8000604D1 /* friendSmasher-Info.plist */,
				A009E4A015B578A8000604D1 /* InfoPlist.strings */,
				A009E4A315B578A8000604D1 /* main.m */,
				A009E4A515B578A8000604D1 /* friendSmasher-Prefix.pch */,
			);
			name = "Supporting Files";
			sourceTree = "<group>";
		};
		A009E4B815B579A4000604D1 /* Art */ = {
			isa = PBXGroup;
			children = (
				A0846E85190EBE0A000B93F8 /* profile_holder_invert.png */,
				A0846E81190DDDA5000B93F8 /* mfs_toggle_invite.png */,
				A0846E82190DDDA5000B93F8 /* mfs_toggle_request.png */,
				A0846E7F190DD03C000B93F8 /* send_button.png */,
				A04692C1190A98A600A4D096 /* checkbox_cold.png */,
				A04692C2190A98A600A4D096 /* checkbox_hot.png */,
				A04692BD1909902700A4D096 /* no_button.png */,
				A04692BE1909902700A4D096 /* yes_button.png */,
				A04692BB190977C600A4D096 /* alert_bg.png */,
				A0E34436181D55B5008D7A38 /* bombbutton.png */,
				A0CAE5DA181B200900A2AC12 /* bombplus_icon.png */,
				A0CAE5DB181B200900A2AC12 /* coin_icon.png */,
				A0CAE5D8181B0E0100A2AC12 /* gamescreen_background.png */,
				A06CD9B51810A022004DF823 /* bomb_red.tga */,
				A06CD9B61810A022004DF823 /* coin_red.tga */,
				A06CD9B71810A022004DF823 /* profile_holder.png */,
				A06CD994181017B5004DF823 /* Default~iphone.png */,
				A06CD99018101765004DF823 /* Default.png */,
				A06CD99118101765004DF823 /* Default-568h@2x.png */,
				A0DA1302165FC6AA006351B4 /* mainmenu_button.png */,
				A0DA1300165F0D38006351B4 /* scorestub_even.png */,
				A0DA12FE165F0CF5006351B4 /* scorestub_odd.png */,
				A0B278E2165F03A900631E90 /* scores_button.png */,
				A082F4B7160368EE00319409 /* plus_2.tga */,
				A082F4B8160368EE00319409 /* plus_3.tga */,
				A082F4B516035F5500319409 /* plus_1.tga */,
				A082F4B11603554E00319409 /* isloading.png */,
				A082F4B21603554E00319409 /* loadingspinner.tga */,
				A082F4AF1603546400319409 /* heart_red.tga */,
				A082F4A716032DB400319409 /* challenge_button.png */,
				A082F4A51603276400319409 /* brag_button.png */,
				A05CC36D16031808007FE563 /* logout_button.png */,
				A0E217361600DE7D00414F9E /* login_button.png */,
				A0E217341600D0FD00414F9E /* Avenir.ttc */,
				A0E217301600C80900414F9E /* playnow_button.png */,
				A059D25515F68FEF00D0F094 /* frontscreen_background.png */,
				A088804815D502F0001287E5 /* Icon.png */,
				A088804415D502CF001287E5 /* Icon@2x.png */,
				A070789915B9018100EE7002 /* sparkleoutterparticle.tga */,
				A070789715B8FE1700EE7002 /* sparkleparticle.tga */,
				A070788015B8E4F100EE7002 /* nonfriend_1.png */,
				A070788115B8E4F100EE7002 /* nonfriend_2.png */,
				A070788215B8E4F100EE7002 /* nonfriend_3.png */,
				A070788315B8E4F200EE7002 /* nonfriend_4.png */,
				A070788415B8E4F200EE7002 /* nonfriend_5.png */,
				A070788515B8E4F200EE7002 /* nonfriend_6.png */,
				A070788615B8E4F200EE7002 /* nonfriend_7.png */,
				A070788715B8E4F200EE7002 /* nonfriend_8.png */,
				A070788815B8E4F200EE7002 /* nonfriend_9.png */,
				A070788915B8E4F200EE7002 /* nonfriend_10.png */,
			);
			name = Art;
			path = friendSmasher/Art;
			sourceTree = "<group>";
		};
		A009E4BA15B579A4000604D1 /* File */ = {
			isa = PBXGroup;
			children = (
				A009E4BB15B579A4000604D1 /* File.cpp */,
				A009E4BC15B579A4000604D1 /* File.h */,
				A009E4BD15B579A4000604D1 /* File_iPhoneCore.h */,
				A009E4BE15B579A4000604D1 /* File_iPhoneCore.mm */,
			);
			name = File;
			path = friendSmasher/File;
			sourceTree = "<group>";
		};
		A009E4BF15B579A4000604D1 /* Game */ = {
			isa = PBXGroup;
			children = (
				A04692C5190A98CC00A4D096 /* MultiFriendSelector.cpp */,
				A04692C6190A98CC00A4D096 /* MultiFriendSelector.h */,
				A04692BA1909759F00A4D096 /* AlertDialog.h */,
				A0E3443F18201169008D7A38 /* AlertDialog.cpp */,
				A0260A1115C1921800EA753F /* GameController.cpp */,
				A0B903D715B6FE0500B950AA /* GameController.h */,
				A00704A81816BAE500FB2D7E /* MenuController.cpp */,
				A00704A71816BAD700FB2D7E /* MenuController.h */,
				A00704AA1816D81E00FB2D7E /* FriendSmashController.cpp */,
				A00704AB1816D81E00FB2D7E /* FriendSmashController.h */,
				A0810C3D181814160052A525 /* FacebookController.cpp */,
				A0810C3E181814160052A525 /* FacebookController.h */,
				A070786C15B88B2500EE7002 /* ImageFetcher.h */,
				A070786D15B88B2500EE7002 /* ImageFetcher.m */,
				A070786F15B88B8300EE7002 /* ImageFetcherDelegate.h */,
				A9D1FC7E191048F300A1AC9A /* ParseController.cpp */,
				A9D1FC7F191048F300A1AC9A /* ParseController.h */,
			);
			name = Game;
			path = friendSmasher/Game;
			sourceTree = "<group>";
		};
		A009E4C215B579A4000604D1 /* Graphics */ = {
			isa = PBXGroup;
			children = (
				A082F4BE1603716D00319409 /* ConfettiEffect_OpenGLES2.cpp */,
				A082F4BF1603716D00319409 /* ConfettiEffect_OpenGLES2.h */,
				A082F4C01603716D00319409 /* ConfettiEffect.cpp */,
				A082F4C11603716D00319409 /* ConfettiEffect.h */,
				A009E4C515B579A4000604D1 /* GenericShaders.cpp */,
				A009E4C615B579A4000604D1 /* GenericShaders.h */,
				A009E4C715B579A4000604D1 /* Graphics.cpp */,
				A009E4C815B579A4000604D1 /* Graphics.h */,
				A009E4CC15B579A4000604D1 /* ShaderProgram.h */,
				A009E4CD15B579A4000604D1 /* ShaderProgram.mm */,
				A009E4CE15B579A4000604D1 /* Sprite.cpp */,
				A009E4CF15B579A4000604D1 /* Sprite.h */,
				A009E4D015B579A4000604D1 /* SpriteManager.cpp */,
				A009E4D115B579A4000604D1 /* SpriteManager.h */,
				A009E4D215B579A4000604D1 /* TextureResource.cpp */,
				A009E4D315B579A4000604D1 /* TextureResource.h */,
			);
			name = Graphics;
			path = friendSmasher/Graphics;
			sourceTree = "<group>";
		};
		A009E4D415B579A4000604D1 /* Library */ = {
			isa = PBXGroup;
			children = (
				A070787C15B8D8DB00EE7002 /* Random */,
				A009E4D515B579A4000604D1 /* Debug */,
				A009E4D815B579A4000604D1 /* Definitions */,
				A009E4DF15B579A4000604D1 /* Math */,
				A009E4FB15B579A4000604D1 /* Null */,
			);
			name = Library;
			path = friendSmasher/Library;
			sourceTree = "<group>";
		};
		A009E4D515B579A4000604D1 /* Debug */ = {
			isa = PBXGroup;
			children = (
				A009E4D615B579A4000604D1 /* debug.cpp */,
				A009E4D715B579A4000604D1 /* debug.h */,
			);
			path = Debug;
			sourceTree = "<group>";
		};
		A009E4D815B579A4000604D1 /* Definitions */ = {
			isa = PBXGroup;
			children = (
				A009E4D915B579A4000604D1 /* type_defs.h */,
			);
			path = Definitions;
			sourceTree = "<group>";
		};
		A009E4DF15B579A4000604D1 /* Math */ = {
			isa = PBXGroup;
			children = (
				A009E4E715B579A4000604D1 /* math_def.h */,
				A009E4E815B579A4000604D1 /* math_lib.h */,
				A009E4E915B579A4000604D1 /* math_op.h */,
				A009E4EA15B579A4000604D1 /* mtx33.cpp */,
				A009E4EB15B579A4000604D1 /* mtx33.h */,
				A009E4EC15B579A4000604D1 /* mtx33_op.h */,
				A009E4ED15B579A4000604D1 /* mtx44.cpp */,
				A009E4EE15B579A4000604D1 /* mtx44.h */,
				A009E4EF15B579A4000604D1 /* mtx44_op.h */,
				A009E4F215B579A4000604D1 /* vec2.cpp */,
				A009E4F315B579A4000604D1 /* vec2.h */,
				A009E4F415B579A4000604D1 /* vec2_op.h */,
				A009E4F515B579A4000604D1 /* vec3.cpp */,
				A009E4F615B579A4000604D1 /* vec3.h */,
				A009E4F715B579A4000604D1 /* vec3_op.h */,
				A009E4F815B579A4000604D1 /* vec4.cpp */,
				A009E4F915B579A4000604D1 /* vec4.h */,
				A009E4FA15B579A4000604D1 /* vec4_op.h */,
			);
			path = Math;
			sourceTree = "<group>";
		};
		A009E4FB15B579A4000604D1 /* Null */ = {
			isa = PBXGroup;
			children = (
				A009E4FC15B579A4000604D1 /* null.h */,
			);
			path = Null;
			sourceTree = "<group>";
		};
		A070787C15B8D8DB00EE7002 /* Random */ = {
			isa = PBXGroup;
			children = (
				A070787D15B8D8E500EE7002 /* random.cpp */,
				A070787E15B8D8E500EE7002 /* random.h */,
			);
			name = Random;
			sourceTree = "<group>";
		};
		A093DCFE16404CD600E368B6 /* Classes */ = {
			isa = PBXGroup;
			children = (
				A093DCFF16404CD600E368B6 /* NSObject+SBJson.h */,
				A093DD0016404CD600E368B6 /* NSObject+SBJson.m */,
				A093DD0116404CD600E368B6 /* SBJson.h */,
				A093DD0216404CD600E368B6 /* SBJsonParser.h */,
				A093DD0316404CD600E368B6 /* SBJsonParser.m */,
				A093DD0416404CD600E368B6 /* SBJsonStreamParser.h */,
				A093DD0516404CD600E368B6 /* SBJsonStreamParser.m */,
				A093DD0616404CD600E368B6 /* SBJsonStreamParserAccumulator.h */,
				A093DD0716404CD600E368B6 /* SBJsonStreamParserAccumulator.m */,
				A093DD0816404CD600E368B6 /* SBJsonStreamParserAdapter.h */,
				A093DD0916404CD600E368B6 /* SBJsonStreamParserAdapter.m */,
				A093DD0A16404CD600E368B6 /* SBJsonStreamParserState.h */,
				A093DD0B16404CD600E368B6 /* SBJsonStreamParserState.m */,
				A093DD0C16404CD600E368B6 /* SBJsonStreamWriter.h */,
				A093DD0D16404CD600E368B6 /* SBJsonStreamWriter.m */,
				A093DD0E16404CD600E368B6 /* SBJsonStreamWriterAccumulator.h */,
				A093DD0F16404CD600E368B6 /* SBJsonStreamWriterAccumulator.m */,
				A093DD1016404CD600E368B6 /* SBJsonStreamWriterState.h */,
				A093DD1116404CD600E368B6 /* SBJsonStreamWriterState.m */,
				A093DD1216404CD600E368B6 /* SBJsonTokeniser.h */,
				A093DD1316404CD600E368B6 /* SBJsonTokeniser.m */,
				A093DD1416404CD600E368B6 /* SBJsonUTF8Stream.h */,
				A093DD1516404CD600E368B6 /* SBJsonUTF8Stream.m */,
				A093DD1616404CD600E368B6 /* SBJsonWriter.h */,
				A093DD1716404CD600E368B6 /* SBJsonWriter.m */,
			);
			name = Classes;
			path = friendSmasher/Classes;
			sourceTree = "<group>";
		};
/* End PBXGroup section */

/* Begin PBXNativeTarget section */
		A009E48E15B578A8000604D1 /* friendSmasher */ = {
			isa = PBXNativeTarget;
			buildConfigurationList = A009E4B515B578A8000604D1 /* Build configuration list for PBXNativeTarget "friendSmasher" */;
			buildPhases = (
				A009E48B15B578A8000604D1 /* Sources */,
				A009E48C15B578A8000604D1 /* Frameworks */,
				A009E48D15B578A8000604D1 /* Resources */,
			);
			buildRules = (
			);
			dependencies = (
			);
			name = friendSmasher;
			productName = friendSmasher;
			productReference = A009E48F15B578A8000604D1 /* friendSmasher.app */;
			productType = "com.apple.product-type.application";
		};
/* End PBXNativeTarget section */

/* Begin PBXProject section */
		A009E48615B578A8000604D1 /* Project object */ = {
			isa = PBXProject;
			attributes = {
				LastUpgradeCheck = 0430;
			};
			buildConfigurationList = A009E48915B578A8000604D1 /* Build configuration list for PBXProject "friendSmasher" */;
			compatibilityVersion = "Xcode 3.2";
			developmentRegion = English;
			hasScannedForEncodings = 0;
			knownRegions = (
				en,
			);
			mainGroup = A009E48415B578A8000604D1;
			productRefGroup = A009E49015B578A8000604D1 /* Products */;
			projectDirPath = "";
			projectRoot = "";
			targets = (
				A009E48E15B578A8000604D1 /* friendSmasher */,
			);
		};
/* End PBXProject section */

/* Begin PBXResourcesBuildPhase section */
		A009E48D15B578A8000604D1 /* Resources */ = {
			isa = PBXResourcesBuildPhase;
			buildActionMask = 2147483647;
			files = (
				A0846E84190DDDA5000B93F8 /* mfs_toggle_request.png in Resources */,
				A009E4A215B578A8000604D1 /* InfoPlist.strings in Resources */,
				A009E4AB15B578A8000604D1 /* MainStoryboard.storyboard in Resources */,
				A070788A15B8E4F200EE7002 /* nonfriend_1.png in Resources */,
				A06CD9BA1810A022004DF823 /* profile_holder.png in Resources */,
				A04692C4190A98A600A4D096 /* checkbox_hot.png in Resources */,
				A070788B15B8E4F200EE7002 /* nonfriend_2.png in Resources */,
				A0CAE5D9181B0E0100A2AC12 /* gamescreen_background.png in Resources */,
				A06CD9B91810A022004DF823 /* coin_red.tga in Resources */,
				A06CD995181017B5004DF823 /* Default~iphone.png in Resources */,
				A070788C15B8E4F200EE7002 /* nonfriend_3.png in Resources */,
				A070788D15B8E4F200EE7002 /* nonfriend_4.png in Resources */,
				A070788E15B8E4F200EE7002 /* nonfriend_5.png in Resources */,
				A0846E86190EBE0A000B93F8 /* profile_holder_invert.png in Resources */,
				A04692BC190977C600A4D096 /* alert_bg.png in Resources */,
				A06CD99218101765004DF823 /* Default.png in Resources */,
				A070788F15B8E4F200EE7002 /* nonfriend_6.png in Resources */,
				A0846E80190DD03C000B93F8 /* send_button.png in Resources */,
				A070789015B8E4F200EE7002 /* nonfriend_7.png in Resources */,
				A070789115B8E4F200EE7002 /* nonfriend_8.png in Resources */,
				A070789215B8E4F200EE7002 /* nonfriend_9.png in Resources */,
				A070789315B8E4F200EE7002 /* nonfriend_10.png in Resources */,
				A0CAE5DC181B200900A2AC12 /* bombplus_icon.png in Resources */,
				A070789815B8FE1700EE7002 /* sparkleparticle.tga in Resources */,
				A070789A15B9018100EE7002 /* sparkleoutterparticle.tga in Resources */,
				A088804515D502CF001287E5 /* Icon@2x.png in Resources */,
				A04692BF1909902700A4D096 /* no_button.png in Resources */,
				A088804915D502F0001287E5 /* Icon.png in Resources */,
				A0E34437181D55B5008D7A38 /* bombbutton.png in Resources */,
				A059D25615F68FEF00D0F094 /* frontscreen_background.png in Resources */,
				A0E217311600C80900414F9E /* playnow_button.png in Resources */,
				A0E217351600D0FD00414F9E /* Avenir.ttc in Resources */,
				A0E217371600DE7D00414F9E /* login_button.png in Resources */,
				A05CC36E16031808007FE563 /* logout_button.png in Resources */,
				A082F4A61603276400319409 /* brag_button.png in Resources */,
				A082F4A816032DB400319409 /* challenge_button.png in Resources */,
				A06CD99318101765004DF823 /* Default-568h@2x.png in Resources */,
				A082F4B01603546400319409 /* heart_red.tga in Resources */,
				A082F4B31603554E00319409 /* isloading.png in Resources */,
				A082F4B41603554E00319409 /* loadingspinner.tga in Resources */,
				A082F4B616035F5500319409 /* plus_1.tga in Resources */,
				A082F4B9160368EE00319409 /* plus_2.tga in Resources */,
				A082F4BA160368EE00319409 /* plus_3.tga in Resources */,
				A0846E83190DDDA5000B93F8 /* mfs_toggle_invite.png in Resources */,
				A0B278E3165F03A900631E90 /* scores_button.png in Resources */,
				A0DA12FF165F0CF5006351B4 /* scorestub_odd.png in Resources */,
				A0DA1301165F0D38006351B4 /* scorestub_even.png in Resources */,
				A06CD9B81810A022004DF823 /* bomb_red.tga in Resources */,
				A04692C01909902700A4D096 /* yes_button.png in Resources */,
				A04692C3190A98A600A4D096 /* checkbox_cold.png in Resources */,
				A0DA1303165FC6AA006351B4 /* mainmenu_button.png in Resources */,
				A0CAE5DD181B200900A2AC12 /* coin_icon.png in Resources */,
			);
			runOnlyForDeploymentPostprocessing = 0;
		};
/* End PBXResourcesBuildPhase section */

/* Begin PBXSourcesBuildPhase section */
		A009E48B15B578A8000604D1 /* Sources */ = {
			isa = PBXSourcesBuildPhase;
			buildActionMask = 2147483647;
			files = (
				A009E4A415B578A8000604D1 /* main.m in Sources */,
				A009E4A815B578A8000604D1 /* AppDelegate.mm in Sources */,
				A009E4B215B578A8000604D1 /* ViewController.mm in Sources */,
				A009E50115B579A4000604D1 /* File.cpp in Sources */,
				A04692C7190A98CC00A4D096 /* MultiFriendSelector.cpp in Sources */,
				A009E50215B579A4000604D1 /* File_iPhoneCore.mm in Sources */,
				A009E50515B579A4000604D1 /* GenericShaders.cpp in Sources */,
				A009E50615B579A4000604D1 /* Graphics.cpp in Sources */,
				A009E50815B579A4000604D1 /* ShaderProgram.mm in Sources */,
				A009E50915B579A4000604D1 /* Sprite.cpp in Sources */,
				A009E50A15B579A4000604D1 /* SpriteManager.cpp in Sources */,
				A009E50B15B579A4000604D1 /* TextureResource.cpp in Sources */,
				A009E50C15B579A4000604D1 /* debug.cpp in Sources */,
				A009E51115B579A4000604D1 /* mtx33.cpp in Sources */,
				A009E51215B579A4000604D1 /* mtx44.cpp in Sources */,
				A009E51415B579A4000604D1 /* vec2.cpp in Sources */,
				A009E51515B579A4000604D1 /* vec3.cpp in Sources */,
				A00704AC1816D81E00FB2D7E /* FriendSmashController.cpp in Sources */,
				A009E51615B579A4000604D1 /* vec4.cpp in Sources */,
				A070786E15B88B2500EE7002 /* ImageFetcher.m in Sources */,
				A070787F15B8D8E500EE7002 /* random.cpp in Sources */,
				A0260A1215C1921800EA753F /* GameController.cpp in Sources */,
				A082F4C21603716D00319409 /* ConfettiEffect_OpenGLES2.cpp in Sources */,
				A082F4C31603716D00319409 /* ConfettiEffect.cpp in Sources */,
				A0E3444118201169008D7A38 /* AlertDialog.cpp in Sources */,
				A093DD1816404CD600E368B6 /* NSObject+SBJson.m in Sources */,
				A0810C3F181814160052A525 /* FacebookController.cpp in Sources */,
				A093DD1916404CD600E368B6 /* SBJsonParser.m in Sources */,
				A093DD1A16404CD600E368B6 /* SBJsonStreamParser.m in Sources */,
				A093DD1B16404CD600E368B6 /* SBJsonStreamParserAccumulator.m in Sources */,
				A093DD1C16404CD600E368B6 /* SBJsonStreamParserAdapter.m in Sources */,
				A093DD1D16404CD600E368B6 /* SBJsonStreamParserState.m in Sources */,
				A093DD1E16404CD600E368B6 /* SBJsonStreamWriter.m in Sources */,
				A093DD1F16404CD600E368B6 /* SBJsonStreamWriterAccumulator.m in Sources */,
				A093DD2016404CD600E368B6 /* SBJsonStreamWriterState.m in Sources */,
				A9D1FC80191048F300A1AC9A /* ParseController.cpp in Sources */,
				A00704A91816BAE500FB2D7E /* MenuController.cpp in Sources */,
				A093DD2116404CD600E368B6 /* SBJsonTokeniser.m in Sources */,
				A093DD2216404CD600E368B6 /* SBJsonUTF8Stream.m in Sources */,
				A093DD2316404CD600E368B6 /* SBJsonWriter.m in Sources */,
			);
			runOnlyForDeploymentPostprocessing = 0;
		};
/* End PBXSourcesBuildPhase section */

/* Begin PBXVariantGroup section */
		A009E4A015B578A8000604D1 /* InfoPlist.strings */ = {
			isa = PBXVariantGroup;
			children = (
				A009E4A115B578A8000604D1 /* en */,
			);
			name = InfoPlist.strings;
			sourceTree = "<group>";
		};
		A009E4A915B578A8000604D1 /* MainStoryboard.storyboard */ = {
			isa = PBXVariantGroup;
			children = (
				A009E4AA15B578A8000604D1 /* en */,
			);
			name = MainStoryboard.storyboard;
			sourceTree = "<group>";
		};
/* End PBXVariantGroup section */

/* Begin XCBuildConfiguration section */
		A009E4B315B578A8000604D1 /* Debug */ = {
			isa = XCBuildConfiguration;
			buildSettings = {
				ALWAYS_SEARCH_USER_PATHS = NO;
				ARCHS = "$(ARCHS_STANDARD_32_BIT)";
				"CODE_SIGN_IDENTITY[sdk=iphoneos*]" = "iPhone Developer";
				COPY_PHASE_STRIP = NO;
				GCC_C_LANGUAGE_STANDARD = gnu99;
				GCC_DYNAMIC_NO_PIC = NO;
				GCC_OPTIMIZATION_LEVEL = 0;
				GCC_PREPROCESSOR_DEFINITIONS = (
					"DEBUG=1",
					"$(inherited)",
				);
				GCC_SYMBOLS_PRIVATE_EXTERN = NO;
				GCC_VERSION = com.apple.compilers.llvm.clang.1_0;
				GCC_WARN_ABOUT_RETURN_TYPE = YES;
				GCC_WARN_UNINITIALIZED_AUTOS = YES;
				GCC_WARN_UNUSED_VARIABLE = YES;
				IPHONEOS_DEPLOYMENT_TARGET = 5.1;
				SDKROOT = iphoneos;
			};
			name = Debug;
		};
		A009E4B415B578A8000604D1 /* Release */ = {
			isa = XCBuildConfiguration;
			buildSettings = {
				ALWAYS_SEARCH_USER_PATHS = NO;
				ARCHS = "$(ARCHS_STANDARD_32_BIT)";
				"CODE_SIGN_IDENTITY[sdk=iphoneos*]" = "iPhone Developer";
				COPY_PHASE_STRIP = YES;
				GCC_C_LANGUAGE_STANDARD = gnu99;
				GCC_VERSION = com.apple.compilers.llvm.clang.1_0;
				GCC_WARN_ABOUT_RETURN_TYPE = YES;
				GCC_WARN_UNINITIALIZED_AUTOS = YES;
				GCC_WARN_UNUSED_VARIABLE = YES;
				IPHONEOS_DEPLOYMENT_TARGET = 5.1;
				OTHER_CFLAGS = "-DNS_BLOCK_ASSERTIONS=1";
				SDKROOT = iphoneos;
				VALIDATE_PRODUCT = YES;
			};
			name = Release;
		};
		A009E4B615B578A8000604D1 /* Debug */ = {
			isa = XCBuildConfiguration;
			buildSettings = {
				CLANG_ENABLE_OBJC_ARC = YES;
				FRAMEWORK_SEARCH_PATHS = (
					"$(inherited)",
					/Users/marcoa/Documents/FacebookSDK,
					"$(PROJECT_DIR)",
				);
				GCC_PRECOMPILE_PREFIX_HEADER = YES;
				GCC_PREFIX_HEADER = "friendSmasher/friendSmasher-Prefix.pch";
				"GCC_THUMB_SUPPORT[arch=armv6]" = "";
				INFOPLIST_FILE = "friendSmasher/friendSmasher-Info.plist";
				IPHONEOS_DEPLOYMENT_TARGET = 5.1;
				OTHER_LDFLAGS = (
					"-lsqlite3.0",
					"-ObjC",
				);
				PRODUCT_NAME = "$(TARGET_NAME)";
				VALID_ARCHS = armv7;
				WRAPPER_EXTENSION = app;
			};
			name = Debug;
		};
		A009E4B715B578A8000604D1 /* Release */ = {
			isa = XCBuildConfiguration;
			buildSettings = {
				CLANG_ENABLE_OBJC_ARC = YES;
				FRAMEWORK_SEARCH_PATHS = (
					"$(inherited)",
					/Users/marcoa/Documents/FacebookSDK,
					"$(PROJECT_DIR)",
				);
				GCC_PRECOMPILE_PREFIX_HEADER = YES;
				GCC_PREFIX_HEADER = "friendSmasher/friendSmasher-Prefix.pch";
				"GCC_THUMB_SUPPORT[arch=armv6]" = "";
				INFOPLIST_FILE = "friendSmasher/friendSmasher-Info.plist";
				IPHONEOS_DEPLOYMENT_TARGET = 5.1;
				OTHER_LDFLAGS = (
					"-lsqlite3.0",
					"-ObjC",
				);
				PRODUCT_NAME = "$(TARGET_NAME)";
				VALID_ARCHS = armv7;
				WRAPPER_EXTENSION = app;
			};
			name = Release;
		};
/* End XCBuildConfiguration section */

/* Begin XCConfigurationList section */
		A009E48915B578A8000604D1 /* Build configuration list for PBXProject "friendSmasher" */ = {
			isa = XCConfigurationList;
			buildConfigurations = (
				A009E4B315B578A8000604D1 /* Debug */,
				A009E4B415B578A8000604D1 /* Release */,
			);
			defaultConfigurationIsVisible = 0;
			defaultConfigurationName = Release;
		};
		A009E4B515B578A8000604D1 /* Build configuration list for PBXNativeTarget "friendSmasher" */ = {
			isa = XCConfigurationList;
			buildConfigurations = (
				A009E4B615B578A8000604D1 /* Debug */,
				A009E4B715B578A8000604D1 /* Release */,
			);
			defaultConfigurationIsVisible = 0;
			defaultConfigurationName = Release;
		};
/* End XCConfigurationList section */
	};
	rootObject = A009E48615B578A8000604D1 /* Project object */;
}
